<Solution>
  <Configurations>
    <Platform Name="x64" />
    <Platform Name="x86" />
  </Configurations>
  <Project Path="2d md/2d md.vcxproj" Id="3a81fbd2-7b82-4628-8f3f-6c190cafe51e" />
  <Project Path="documentation/documentation.vcxproj" Id="5f4d9ab2-d05a-421d-9e11-fa2971370e7b" />
  <Project Path="sqlite/sqlite.vcxproj" Id="72db1b2d-ceb0-483d-a597-0ecba2747cef" />
</Solution>
